<?xml version="1.0" encoding="utf-8"?>
<Project ToolsVersion="4.0" xmlns="http://schemas.microsoft.com/developer/msbuild/2003">
  <ItemGroup>
    <Filter Include="Source Files">
      <UniqueIdentifier>{4FC737F1-C7A5-4376-A066-2A32D752A2FF}</UniqueIdentifier>
      <Extensions>cpp;c;cc;cxx;def;odl;idl;hpj;bat;asm;asmx</Extensions>
    </Filter>
    <Filter Include="Header Files">
      <UniqueIdentifier>{93995380-89BD-4b04-88EB-625FBE52EBFB}</UniqueIdentifier>
      <Extensions>h;hh;hpp;hxx;hm;inl;inc;xsd</Extensions>
    </Filter>
    <Filter Include="Resource Files">
      <UniqueIdentifier>{67DA6AB6-F800-4c08-8B7A-83BB121AAD01}</UniqueIdentifier>
      <Extensions>rc;ico;cur;bmp;dlg;rc2;rct;bin;rgs;gif;jpg;jpeg;jpe;resx;tiff;tif;png;wav;mfcribbon-ms</Extensions>
    </Filter>
  </ItemGroup>
  <ItemGroup>
    <Text Include="ReadMe.txt" />
  </ItemGroup>
  <ItemGroup>
    <ClInclude Include="stdafx.h">
      <Filter>Header Files</Filter>
    </ClInclude>
    <ClInclude Include="targetver.h">
      <Filter>Header Files</Filter>
    </ClInclude>
    <ClInclude Include="ActivationFunctions.hpp">
      <Filter>Header Files</Filter>
    </ClInclude>
    <ClInclude Include="BiasLayer.hpp">
      <Filter>Header Files</Filter>
    </ClInclude>
    <ClInclude Include="BlockLayer.hpp">
      <Filter>Header Files</Filter>
    </ClInclude>
    <ClInclude Include="ClassificationLayer.hpp">
      <Filter>Header Files</Filter>
    </ClInclude>
    <ClInclude Include="CollapseLayer.hpp">
      <Filter>Header Files</Filter>
    </ClInclude>
    <ClInclude Include="ConfigFile.hpp">
      <Filter>Header Files</Filter>
    </ClInclude>
    <ClInclude Include="Connection.hpp">
      <Filter>Header Files</Filter>
    </ClInclude>
    <ClInclude Include="Container.hpp">
      <Filter>Header Files</Filter>
    </ClInclude>
    <ClInclude Include="CopyConnection.hpp">
      <Filter>Header Files</Filter>
    </ClInclude>
    <ClInclude Include="DataExporter.hpp">
      <Filter>Header Files</Filter>
    </ClInclude>
    <ClInclude Include="DataSequence.hpp">
      <Filter>Header Files</Filter>
    </ClInclude>
    <ClInclude Include="DatasetErrors.hpp">
      <Filter>Header Files</Filter>
    </ClInclude>
    <ClInclude Include="FullConnection.hpp">
      <Filter>Header Files</Filter>
    </ClInclude>
    <ClInclude Include="GatherLayer.hpp">
      <Filter>Header Files</Filter>
    </ClInclude>
    <ClInclude Include="GradientCheck.hpp">
      <Filter>Header Files</Filter>
    </ClInclude>
    <ClInclude Include="Helpers.hpp">
      <Filter>Header Files</Filter>
    </ClInclude>
    <ClInclude Include="IdentityLayer.hpp">
      <Filter>Header Files</Filter>
    </ClInclude>
    <ClInclude Include="InputLayer.hpp">
      <Filter>Header Files</Filter>
    </ClInclude>
    <ClInclude Include="Layer.hpp">
      <Filter>Header Files</Filter>
    </ClInclude>
    <ClInclude Include="Log.hpp">
      <Filter>Header Files</Filter>
    </ClInclude>
    <ClInclude Include="LstmLayer.hpp">
      <Filter>Header Files</Filter>
    </ClInclude>
    <ClInclude Include="Matrix.hpp">
      <Filter>Header Files</Filter>
    </ClInclude>
    <ClInclude Include="Mdrnn.hpp">
      <Filter>Header Files</Filter>
    </ClInclude>
    <ClInclude Include="MultiArray.hpp">
      <Filter>Header Files</Filter>
    </ClInclude>
    <ClInclude Include="MultilayerNet.hpp">
      <Filter>Header Files</Filter>
    </ClInclude>
    <ClInclude Include="Named.hpp">
      <Filter>Header Files</Filter>
    </ClInclude>
    <ClInclude Include="NetworkOutput.hpp">
      <Filter>Header Files</Filter>
    </ClInclude>
    <ClInclude Include="NeuronLayer.hpp">
      <Filter>Header Files</Filter>
    </ClInclude>
    <ClInclude Include="Optimiser.hpp">
      <Filter>Header Files</Filter>
    </ClInclude>
    <ClInclude Include="Random.hpp">
      <Filter>Header Files</Filter>
    </ClInclude>
    <ClInclude Include="Rprop.hpp">
      <Filter>Header Files</Filter>
    </ClInclude>
    <ClInclude Include="SeqBuffer.hpp">
      <Filter>Header Files</Filter>
    </ClInclude>
    <ClInclude Include="SoftmaxLayer.hpp">
      <Filter>Header Files</Filter>
    </ClInclude>
    <ClInclude Include="SteepestDescent.hpp">
      <Filter>Header Files</Filter>
    </ClInclude>
    <ClInclude Include="String.hpp">
      <Filter>Header Files</Filter>
    </ClInclude>
    <ClInclude Include="StringAlignment.hpp">
      <Filter>Header Files</Filter>
    </ClInclude>
    <ClInclude Include="Trainer.hpp">
      <Filter>Header Files</Filter>
    </ClInclude>
    <ClInclude Include="TranscriptionLayer.hpp">
      <Filter>Header Files</Filter>
    </ClInclude>
    <ClInclude Include="WeightContainer.hpp">
      <Filter>Header Files</Filter>
    </ClInclude>
    <ClInclude Include="NetcdfDataset.hpp">
      <Filter>Header Files</Filter>
    </ClInclude>
  </ItemGroup>
  <ItemGroup>
    <ClCompile Include="stdafx.cpp">
      <Filter>Source Files</Filter>
    </ClCompile>
    <ClCompile Include="rnnlib.cpp">
      <Filter>Source Files</Filter>
    </ClCompile>
    <ClCompile Include="DataExporter.cpp">
      <Filter>Source Files</Filter>
    </ClCompile>
    <ClCompile Include="Random.cpp">
      <Filter>Source Files</Filter>
    </ClCompile>
  </ItemGroup>
</Project>